# THIS IS AN AUTOGENERATED FILE. DO NOT EDIT THIS FILE DIRECTLY.
# yarn lockfile v1
object-assign:
  version "4.1.0"
  resolved "https://registry.yarnpkg.com/object-assign/-/object-assign-4.1.0.tgz#7a3b3d0e98063d43f4c03f2e8ae6cd51a86883a0"

preact:
  version "7.1.0"
  resolved "https://registry.yarnpkg.com/preact/-/preact-7.1.0.tgz#119cf65963abff28038b2330601adde969990a8d"

